// !$*UTF8*$!
{
	archiveVersion = 1;
	classes = {
	};
	objectVersion = 46;
	objects = {

/* Begin PBXBuildFile section */
		CF8D0D301D9A6BD800ADFF14 /* AppDelegate.mm in Sources */ = {isa = PBXBuildFile; fileRef = CF8D0D2F1D9A6BD800ADFF14 /* AppDelegate.mm */; };
		CF8D0D331D9A6BD800ADFF14 /* main.m in Sources */ = {isa = PBXBuildFile; fileRef = CF8D0D321D9A6BD800ADFF14 /* main.m */; };
		CF8D0D381D9A6BD800ADFF14 /* MainMenu.xib in Resources */ = {isa = PBXBuildFile; fileRef = CF8D0D361D9A6BD800ADFF14 /* MainMenu.xib */; };
		CF9F4A821EC6B03E00E0AF82 /* MGKMenuWithFilter.mm in Sources */ = {isa = PBXBuildFile; fileRef = CF9F4A811EC6B03E00E0AF82 /* MGKMenuWithFilter.mm */; };
		CF9F4A851EC6B04B00E0AF82 /* Carbon.framework in Frameworks */ = {isa = PBXBuildFile; fileRef = CF9F4A841EC6B04B00E0AF82 /* Carbon.framework */; };
		CF9F4A871EC6B12200E0AF82 /* Quartz.framework in Frameworks */ = {isa = PBXBuildFile; fileRef = CF9F4A861EC6B12200E0AF82 /* Quartz.framework */; };
/* End PBXBuildFile section */

/* Begin PBXFileReference section */
		CF8D0D2B1D9A6BD800ADFF14 /* DemoObjC_Old.app */ = {isa = PBXFileReference; explicitFileType = wrapper.application; includeInIndex = 0; path = DemoObjC_Old.app; sourceTree = BUILT_PRODUCTS_DIR; };
		CF8D0D2E1D9A6BD800ADFF14 /* AppDelegate.h */ = {isa = PBXFileReference; lastKnownFileType = sourcecode.c.h; name = AppDelegate.h; path = DemoObjC_Old/AppDelegate.h; sourceTree = SOURCE_ROOT; };
		CF8D0D2F1D9A6BD800ADFF14 /* AppDelegate.mm */ = {isa = PBXFileReference; lastKnownFileType = sourcecode.cpp.objcpp; name = AppDelegate.mm; path = DemoObjC_Old/AppDelegate.mm; sourceTree = SOURCE_ROOT; };
		CF8D0D321D9A6BD800ADFF14 /* main.m */ = {isa = PBXFileReference; lastKnownFileType = sourcecode.c.objc; path = main.m; sourceTree = "<group>"; };
		CF8D0D391D9A6BD800ADFF14 /* Info.plist */ = {isa = PBXFileReference; lastKnownFileType = text.plist.xml; path = Info.plist; sourceTree = "<group>"; };
		CF9F4A801EC6B03E00E0AF82 /* MGKMenuWithFilter.h */ = {isa = PBXFileReference; fileEncoding = 4; lastKnownFileType = sourcecode.c.h; path = MGKMenuWithFilter.h; sourceTree = "<group>"; };
		CF9F4A811EC6B03E00E0AF82 /* MGKMenuWithFilter.mm */ = {isa = PBXFileReference; fileEncoding = 4; lastKnownFileType = sourcecode.cpp.objcpp; path = MGKMenuWithFilter.mm; sourceTree = "<group>"; };
		CF9F4A841EC6B04B00E0AF82 /* Carbon.framework */ = {isa = PBXFileReference; lastKnownFileType = wrapper.framework; name = Carbon.framework; path = System/Library/Frameworks/Carbon.framework; sourceTree = SDKROOT; };
		CF9F4A861EC6B12200E0AF82 /* Quartz.framework */ = {isa = PBXFileReference; lastKnownFileType = wrapper.framework; name = Quartz.framework; path = System/Library/Frameworks/Quartz.framework; sourceTree = SDKROOT; };
		CF9F4A881EC6C3AD00E0AF82 /* en */ = {isa = PBXFileReference; lastKnownFileType = file.xib; name = en; path = en.lproj/MainMenu.xib; sourceTree = "<group>"; };
/* End PBXFileReference section */

/* Begin PBXFrameworksBuildPhase section */
		CF8D0D281D9A6BD800ADFF14 /* Frameworks */ = {
			isa = PBXFrameworksBuildPhase;
			buildActionMask = 2147483647;
			files = (
				CF9F4A871EC6B12200E0AF82 /* Quartz.framework in Frameworks */,
				CF9F4A851EC6B04B00E0AF82 /* Carbon.framework in Frameworks */,
			);
			runOnlyForDeploymentPostprocessing = 0;
		};
/* End PBXFrameworksBuildPhase section */

/* Begin PBXGroup section */
		CF8D0D221D9A6BD800ADFF14 = {
			isa = PBXGroup;
			children = (
				CF9F4A801EC6B03E00E0AF82 /* MGKMenuWithFilter.h */,
				CF9F4A811EC6B03E00E0AF82 /* MGKMenuWithFilter.mm */,
				CF8D0D2D1D9A6BD800ADFF14 /* DemoObjC_Old */,
				CF8D0D2C1D9A6BD800ADFF14 /* Products */,
				CF9F4A831EC6B04B00E0AF82 /* Frameworks */,
			);
			sourceTree = "<group>";
		};
		CF8D0D2C1D9A6BD800ADFF14 /* Products */ = {
			isa = PBXGroup;
			children = (
				CF8D0D2B1D9A6BD800ADFF14 /* DemoObjC_Old.app */,
			);
			name = Products;
			sourceTree = "<group>";
		};
		CF8D0D2D1D9A6BD800ADFF14 /* DemoObjC_Old */ = {
			isa = PBXGroup;
			children = (
				CF8D0D2E1D9A6BD800ADFF14 /* AppDelegate.h */,
				CF8D0D2F1D9A6BD800ADFF14 /* AppDelegate.mm */,
				CF8D0D361D9A6BD800ADFF14 /* MainMenu.xib */,
				CF8D0D391D9A6BD800ADFF14 /* Info.plist */,
				CF8D0D311D9A6BD800ADFF14 /* Supporting Files */,
			);
			path = DemoObjC_Old;
			sourceTree = SOURCE_ROOT;
		};
		CF8D0D311D9A6BD800ADFF14 /* Supporting Files */ = {
			isa = PBXGroup;
			children = (
				CF8D0D321D9A6BD800ADFF14 /* main.m */,
			);
			name = "Supporting Files";
			sourceTree = "<group>";
		};
		CF9F4A831EC6B04B00E0AF82 /* Frameworks */ = {
			isa = PBXGroup;
			children = (
				CF9F4A861EC6B12200E0AF82 /* Quartz.framework */,
				CF9F4A841EC6B04B00E0AF82 /* Carbon.framework */,
			);
			name = Frameworks;
			sourceTree = "<group>";
		};
/* End PBXGroup section */

/* Begin PBXNativeTarget section */
		CF8D0D2A1D9A6BD800ADFF14 /* DemoObjC_Old */ = {
			isa = PBXNativeTarget;
			buildConfigurationList = CF8D0D3C1D9A6BD800ADFF14 /* Build configuration list for PBXNativeTarget "DemoObjC_Old" */;
			buildPhases = (
				CF8D0D271D9A6BD800ADFF14 /* Sources */,
				CF8D0D281D9A6BD800ADFF14 /* Frameworks */,
				CF8D0D291D9A6BD800ADFF14 /* Resources */,
			);
			buildRules = (
			);
			dependencies = (
			);
			name = DemoObjC_Old;
			productName = TableTest;
			productReference = CF8D0D2B1D9A6BD800ADFF14 /* DemoObjC_Old.app */;
			productType = "com.apple.product-type.application";
		};
/* End PBXNativeTarget section */

/* Begin PBXProject section */
		CF8D0D231D9A6BD800ADFF14 /* Project object */ = {
			isa = PBXProject;
			attributes = {
				LastUpgradeCheck = 0800;
				ORGANIZATIONNAME = "Michael G. Kazakov";
				TargetAttributes = {
					CF8D0D2A1D9A6BD800ADFF14 = {
						CreatedOnToolsVersion = 8.0;
						ProvisioningStyle = Automatic;
					};
				};
			};
			buildConfigurationList = CF8D0D261D9A6BD800ADFF14 /* Build configuration list for PBXProject "DemoObjC_Old" */;
			compatibilityVersion = "Xcode 3.2";
			developmentRegion = English;
			hasScannedForEncodings = 0;
			knownRegions = (
				en,
				Base,
			);
			mainGroup = CF8D0D221D9A6BD800ADFF14;
			productRefGroup = CF8D0D2C1D9A6BD800ADFF14 /* Products */;
			projectDirPath = "";
			projectRoot = "";
			targets = (
				CF8D0D2A1D9A6BD800ADFF14 /* DemoObjC_Old */,
			);
		};
/* End PBXProject section */

/* Begin PBXResourcesBuildPhase section */
		CF8D0D291D9A6BD800ADFF14 /* Resources */ = {
			isa = PBXResourcesBuildPhase;
			buildActionMask = 2147483647;
			files = (
				CF8D0D381D9A6BD800ADFF14 /* MainMenu.xib in Resources */,
			);
			runOnlyForDeploymentPostprocessing = 0;
		};
/* End PBXResourcesBuildPhase section */

/* Begin PBXSourcesBuildPhase section */
		CF8D0D271D9A6BD800ADFF14 /* Sources */ = {
			isa = PBXSourcesBuildPhase;
			buildActionMask = 2147483647;
			files = (
				CF8D0D331D9A6BD800ADFF14 /* main.m in Sources */,
				CF9F4A821EC6B03E00E0AF82 /* MGKMenuWithFilter.mm in Sources */,
				CF8D0D301D9A6BD800ADFF14 /* AppDelegate.mm in Sources */,
			);
			runOnlyForDeploymentPostprocessing = 0;
		};
/* End PBXSourcesBuildPhase section */

/* Begin PBXVariantGroup section */
		CF8D0D361D9A6BD800ADFF14 /* MainMenu.xib */ = {
			isa = PBXVariantGroup;
			children = (
				CF9F4A881EC6C3AD00E0AF82 /* en */,
			);
			name = MainMenu.xib;
			path = DemoObjC_Old;
			sourceTree = SOURCE_ROOT;
		};
/* End PBXVariantGroup section */

/* Begin XCBuildConfiguration section */
		CF8D0D3A1D9A6BD800ADFF14 /* Debug */ = {
			isa = XCBuildConfiguration;
			buildSettings = {
				ALWAYS_SEARCH_USER_PATHS = NO;
				CLANG_ANALYZER_NONNULL = YES;
				CLANG_CXX_LANGUAGE_STANDARD = "gnu++0x";
				CLANG_CXX_LIBRARY = "libc++";
				CLANG_ENABLE_MODULES = YES;
				CLANG_ENABLE_OBJC_ARC = YES;
				CLANG_WARN_BOOL_CONVERSION = YES;
				CLANG_WARN_CONSTANT_CONVERSION = YES;
				CLANG_WARN_DIRECT_OBJC_ISA_USAGE = YES_ERROR;
				CLANG_WARN_DOCUMENTATION_COMMENTS = YES;
				CLANG_WARN_EMPTY_BODY = YES;
				CLANG_WARN_ENUM_CONVERSION = YES;
				CLANG_WARN_INFINITE_RECURSION = YES;
				CLANG_WARN_INT_CONVERSION = YES;
				CLANG_WARN_OBJC_ROOT_CLASS = YES_ERROR;
				CLANG_WARN_SUSPICIOUS_MOVES = YES;
				CLANG_WARN_UNREACHABLE_CODE = YES;
				CLANG_WARN__DUPLICATE_METHOD_MATCH = YES;
				CODE_SIGN_IDENTITY = "-";
				COPY_PHASE_STRIP = NO;
				DEBUG_INFORMATION_FORMAT = dwarf;
				ENABLE_STRICT_OBJC_MSGSEND = YES;
				ENABLE_TESTABILITY = YES;
				GCC_C_LANGUAGE_STANDARD = gnu99;
				GCC_DYNAMIC_NO_PIC = NO;
				GCC_NO_COMMON_BLOCKS = YES;
				GCC_OPTIMIZATION_LEVEL = 0;
				GCC_PREPROCESSOR_DEFINITIONS = (
					"DEBUG=1",
					"$(inherited)",
				);
				GCC_WARN_64_TO_32_BIT_CONVERSION = YES;
				GCC_WARN_ABOUT_RETURN_TYPE = YES_ERROR;
				GCC_WARN_UNDECLARED_SELECTOR = YES;
				GCC_WARN_UNINITIALIZED_AUTOS = YES_AGGRESSIVE;
				GCC_WARN_UNUSED_FUNCTION = YES;
				GCC_WARN_UNUSED_VARIABLE = YES;
				MACOSX_DEPLOYMENT_TARGET = 10.12;
				MTL_ENABLE_DEBUG_INFO = YES;
				ONLY_ACTIVE_ARCH = YES;
				SDKROOT = macosx;
			};
			name = Debug;
		};
		CF8D0D3B1D9A6BD800ADFF14 /* Release */ = {
			isa = XCBuildConfiguration;
			buildSettings = {
				ALWAYS_SEARCH_USER_PATHS = NO;
				CLANG_ANALYZER_NONNULL = YES;
				CLANG_CXX_LANGUAGE_STANDARD = "gnu++0x";
				CLANG_CXX_LIBRARY = "libc++";
				CLANG_ENABLE_MODULES = YES;
				CLANG_ENABLE_OBJC_ARC = YES;
				CLANG_WARN_BOOL_CONVERSION = YES;
				CLANG_WARN_CONSTANT_CONVERSION = YES;
				CLANG_WARN_DIRECT_OBJC_ISA_USAGE = YES_ERROR;
				CLANG_WARN_DOCUMENTATION_COMMENTS = YES;
				CLANG_WARN_EMPTY_BODY = YES;
				CLANG_WARN_ENUM_CONVERSION = YES;
				CLANG_WARN_INFINITE_RECURSION = YES;
				CLANG_WARN_INT_CONVERSION = YES;
				CLANG_WARN_OBJC_ROOT_CLASS = YES_ERROR;
				CLANG_WARN_SUSPICIOUS_MOVES = YES;
				CLANG_WARN_UNREACHABLE_CODE = YES;
				CLANG_WARN__DUPLICATE_METHOD_MATCH = YES;
				CODE_SIGN_IDENTITY = "-";
				COPY_PHASE_STRIP = NO;
				DEBUG_INFORMATION_FORMAT = "dwarf-with-dsym";
				ENABLE_NS_ASSERTIONS = NO;
				ENABLE_STRICT_OBJC_MSGSEND = YES;
				GCC_C_LANGUAGE_STANDARD = gnu99;
				GCC_NO_COMMON_BLOCKS = YES;
				GCC_WARN_64_TO_32_BIT_CONVERSION = YES;
				GCC_WARN_ABOUT_RETURN_TYPE = YES_ERROR;
				GCC_WARN_UNDECLARED_SELECTOR = YES;
				GCC_WARN_UNINITIALIZED_AUTOS = YES_AGGRESSIVE;
				GCC_WARN_UNUSED_FUNCTION = YES;
				GCC_WARN_UNUSED_VARIABLE = YES;
				MACOSX_DEPLOYMENT_TARGET = 10.12;
				MTL_ENABLE_DEBUG_INFO = NO;
				SDKROOT = macosx;
			};
			name = Release;
		};
		CF8D0D3D1D9A6BD800ADFF14 /* Debug */ = {
			isa = XCBuildConfiguration;
			buildSettings = {
				ASSETCATALOG_COMPILER_APPICON_NAME = AppIcon;
				COMBINE_HIDPI_IMAGES = YES;
				INFOPLIST_FILE = DemoObjC_Old/Info.plist;
				LD_RUNPATH_SEARCH_PATHS = "$(inherited) @executable_path/../Frameworks";
				MACOSX_DEPLOYMENT_TARGET = 10.7;
				PRODUCT_BUNDLE_IDENTIFIER = com.magnumbytes.MenuWithFilter.DemoObjCOld;
				PRODUCT_NAME = "$(TARGET_NAME)";
			};
			name = Debug;
		};
		CF8D0D3E1D9A6BD800ADFF14 /* Release */ = {
			isa = XCBuildConfiguration;
			buildSettings = {
				ASSETCATALOG_COMPILER_APPICON_NAME = AppIcon;
				COMBINE_HIDPI_IMAGES = YES;
				INFOPLIST_FILE = DemoObjC_Old/Info.plist;
				LD_RUNPATH_SEARCH_PATHS = "$(inherited) @executable_path/../Frameworks";
				MACOSX_DEPLOYMENT_TARGET = 10.7;
				PRODUCT_BUNDLE_IDENTIFIER = com.magnumbytes.MenuWithFilter.DemoObjCOld;
				PRODUCT_NAME = "$(TARGET_NAME)";
			};
			name = Release;
		};
/* End XCBuildConfiguration section */

/* Begin XCConfigurationList section */
		CF8D0D261D9A6BD800ADFF14 /* Build configuration list for PBXProject "DemoObjC_Old" */ = {
			isa = XCConfigurationList;
			buildConfigurations = (
				CF8D0D3A1D9A6BD800ADFF14 /* Debug */,
				CF8D0D3B1D9A6BD800ADFF14 /* Release */,
			);
			defaultConfigurationIsVisible = 0;
			defaultConfigurationName = Release;
		};
		CF8D0D3C1D9A6BD800ADFF14 /* Build configuration list for PBXNativeTarget "DemoObjC_Old" */ = {
			isa = XCConfigurationList;
			buildConfigurations = (
				CF8D0D3D1D9A6BD800ADFF14 /* Debug */,
				CF8D0D3E1D9A6BD800ADFF14 /* Release */,
			);
			defaultConfigurationIsVisible = 0;
			defaultConfigurationName = Release;
		};
/* End XCConfigurationList section */
	};
	rootObject = CF8D0D231D9A6BD800ADFF14 /* Project object */;
}
